
Microsoft Visual Studio Solution File, Format Version 12.00
# Visual Studio Version 16
VisualStudioVersion = 16.0.30406.217
MinimumVisualStudioVersion = 10.0.40219.1
Project("{FAE04EC0-301F-11D3-BF4B-00C04F79EFBC}") = "ZagrosRealState-API", "ZagrosRealState-API\ZagrosRealState-API.csproj", "{BED03424-D49A-4DE9-B200-39C101C2A9EB}"
EndProject
Project("{FAE04EC0-301F-11D3-BF4B-00C04F79EFBC}") = "ZagrosRealState-API.DataAccessLayer", "ZagrosRealState-API.DataAccessLayer\ZagrosRealState-API.DataAccessLayer.csproj", "{FDD86DCE-2694-4DA2-A608-D05CFE1A2029}"
EndProject
Project("{FAE04EC0-301F-11D3-BF4B-00C04F79EFBC}") = "ZagrosRealState-API.Common", "ZagrosRealState-API.Common\ZagrosRealState-API.Common.csproj", "{4E4A2B92-75CF-42FB-92AF-A297250CBDB7}"
EndProject
Project("{FAE04EC0-301F-11D3-BF4B-00C04F79EFBC}") = "ZagrosRealState-API.Presentation", "ZagrosRealState-API.Presentation\ZagrosRealState-API.Presentation.csproj", "{8D33257F-F450-4C49-B537-9A6B9C070E8D}"
EndProject
Project("{FAE04EC0-301F-11D3-BF4B-00C04F79EFBC}") = "ZagrosRealState-API.Repository", "ZagrosRealState-API.Repository\ZagrosRealState-API.Repository.csproj", "{80A9308A-1877-4761-9F13-157AEE4BB24B}"
EndProject
Project("{FAE04EC0-301F-11D3-BF4B-00C04F79EFBC}") = "ZagrosRealState-API.Services", "ZagrosRealState-API.Services\ZagrosRealState-API.Services.csproj", "{0909E448-BE9F-42D1-A69C-25D3741087DC}"
EndProject
Global
	GlobalSection(SolutionConfigurationPlatforms) = preSolution
		Debug|Any CPU = Debug|Any CPU
		Release|Any CPU = Release|Any CPU
	EndGlobalSection
	GlobalSection(ProjectConfigurationPlatforms) = postSolution
		{BED03424-D49A-4DE9-B200-39C101C2A9EB}.Debug|Any CPU.ActiveCfg = Debug|Any CPU
		{BED03424-D49A-4DE9-B200-39C101C2A9EB}.Debug|Any CPU.Build.0 = Debug|Any CPU
		{BED03424-D49A-4DE9-B200-39C101C2A9EB}.Release|Any CPU.ActiveCfg = Release|Any CPU
		{BED03424-D49A-4DE9-B200-39C101C2A9EB}.Release|Any CPU.Build.0 = Release|Any CPU
		{FDD86DCE-2694-4DA2-A608-D05CFE1A2029}.Debug|Any CPU.ActiveCfg = Debug|Any CPU
		{FDD86DCE-2694-4DA2-A608-D05CFE1A2029}.Debug|Any CPU.Build.0 = Debug|Any CPU
		{FDD86DCE-2694-4DA2-A608-D05CFE1A2029}.Release|Any CPU.ActiveCfg = Release|Any CPU
		{FDD86DCE-2694-4DA2-A608-D05CFE1A2029}.Release|Any CPU.Build.0 = Release|Any CPU
		{4E4A2B92-75CF-42FB-92AF-A297250CBDB7}.Debug|Any CPU.ActiveCfg = Debug|Any CPU
		{4E4A2B92-75CF-42FB-92AF-A297250CBDB7}.Debug|Any CPU.Build.0 = Debug|Any CPU
		{4E4A2B92-75CF-42FB-92AF-A297250CBDB7}.Release|Any CPU.ActiveCfg = Release|Any CPU
		{4E4A2B92-75CF-42FB-92AF-A297250CBDB7}.Release|Any CPU.Build.0 = Release|Any CPU
		{8D33257F-F450-4C49-B537-9A6B9C070E8D}.Debug|Any CPU.ActiveCfg = Debug|Any CPU
		{8D33257F-F450-4C49-B537-9A6B9C070E8D}.Debug|Any CPU.Build.0 = Debug|Any CPU
		{8D33257F-F450-4C49-B537-9A6B9C070E8D}.Release|Any CPU.ActiveCfg = Release|Any CPU
		{8D33257F-F450-4C49-B537-9A6B9C070E8D}.Release|Any CPU.Build.0 = Release|Any CPU
		{80A9308A-1877-4761-9F13-157AEE4BB24B}.Debug|Any CPU.ActiveCfg = Debug|Any CPU
		{80A9308A-1877-4761-9F13-157AEE4BB24B}.Debug|Any CPU.Build.0 = Debug|Any CPU
		{80A9308A-1877-4761-9F13-157AEE4BB24B}.Release|Any CPU.ActiveCfg = Release|Any CPU
		{80A9308A-1877-4761-9F13-157AEE4BB24B}.Release|Any CPU.Build.0 = Release|Any CPU
		{0909E448-BE9F-42D1-A69C-25D3741087DC}.Debug|Any CPU.ActiveCfg = Debug|Any CPU
		{0909E448-BE9F-42D1-A69C-25D3741087DC}.Debug|Any CPU.Build.0 = Debug|Any CPU
		{0909E448-BE9F-42D1-A69C-25D3741087DC}.Release|Any CPU.ActiveCfg = Release|Any CPU
		{0909E448-BE9F-42D1-A69C-25D3741087DC}.Release|Any CPU.Build.0 = Release|Any CPU
	EndGlobalSection
	GlobalSection(SolutionProperties) = preSolution
		HideSolutionNode = FALSE
	EndGlobalSection
	GlobalSection(ExtensibilityGlobals) = postSolution
		SolutionGuid = {AC5A92B0-A3FC-4223-AC04-A13C06718AF9}
	EndGlobalSection
EndGlobal
